{
  "lockfile_version": "1",
  "packages": {
    "php81Packages.composer@2.5.5": {
      "last_modified": "2023-05-25T03:54:59Z",
      "resolved": "github:NixOS/nixpkgs/8d4d822bc0efa9de6eddc79cb0d82897a9baa750#php81Packages.composer",
      "version": "2.5.5"
    },
    "php@8.1": {
      "last_modified": "2023-05-25T03:54:59Z",
      "plugin_version": "0.0.2",
      "resolved": "github:NixOS/nixpkgs/8d4d822bc0efa9de6eddc79cb0d82897a9baa750#php",
      "version": "8.1.19"
    }
  }
}